// !$*UTF8*$!
{
	archiveVersion = 1;
	classes = {
	};
	objectVersion = 42;
	objects = {

/* Begin PBXBuildFile section */
		0703FA0B191921E900B7841E /* essentiaRT~.mxo in CopyFiles */ = {isa = PBXBuildFile; fileRef = E9974E53077083C700206F68 /* essentiaRT~.mxo */; };
		073A718F1920E28700F23449 /* libiconv.dylib in Frameworks */ = {isa = PBXBuildFile; fileRef = 073A718D1920E28700F23449 /* libiconv.dylib */; };
		073A71901920E28700F23449 /* libbz2.dylib in Frameworks */ = {isa = PBXBuildFile; fileRef = 073A718E1920E28700F23449 /* libbz2.dylib */; };
		073A71921920F1F100F23449 /* CoreFoundation.framework in Frameworks */ = {isa = PBXBuildFile; fileRef = 073A71911920F1F100F23449 /* CoreFoundation.framework */; };
		073A71941920F1F800F23449 /* CoreVideo.framework in Frameworks */ = {isa = PBXBuildFile; fileRef = 073A71931920F1F800F23449 /* CoreVideo.framework */; };
		073A71961920F1FF00F23449 /* AVFoundation.framework in Frameworks */ = {isa = PBXBuildFile; fileRef = 073A71951920F1FF00F23449 /* AVFoundation.framework */; };
		073A71981920F20500F23449 /* VideoDecodeAcceleration.framework in Frameworks */ = {isa = PBXBuildFile; fileRef = 073A71971920F20500F23449 /* VideoDecodeAcceleration.framework */; };
		075C17181924B06E00491DAB /* main.h in Headers */ = {isa = PBXBuildFile; fileRef = 075C17171924B06E00491DAB /* main.h */; };
		076B5E0A192126EA00949237 /* VideoDecodeAcceleration.framework in Frameworks */ = {isa = PBXBuildFile; fileRef = 073A71971920F20500F23449 /* VideoDecodeAcceleration.framework */; };
		076B5E0B192126EC00949237 /* AVFoundation.framework in Frameworks */ = {isa = PBXBuildFile; fileRef = 073A71951920F1FF00F23449 /* AVFoundation.framework */; };
		076B5E0C192126EE00949237 /* CoreVideo.framework in Frameworks */ = {isa = PBXBuildFile; fileRef = 073A71931920F1F800F23449 /* CoreVideo.framework */; };
		076B5E0D192126F100949237 /* CoreFoundation.framework in Frameworks */ = {isa = PBXBuildFile; fileRef = 073A71911920F1F100F23449 /* CoreFoundation.framework */; };
		076B5E0E192126F300949237 /* libiconv.dylib in Frameworks */ = {isa = PBXBuildFile; fileRef = 073A718D1920E28700F23449 /* libiconv.dylib */; };
		076B5E0F192126F500949237 /* libbz2.dylib in Frameworks */ = {isa = PBXBuildFile; fileRef = 073A718E1920E28700F23449 /* libbz2.dylib */; };
		076B5E111921286C00949237 /* libstdc++.6.0.9.dylib in Frameworks */ = {isa = PBXBuildFile; fileRef = 076B5E101921286C00949237 /* libstdc++.6.0.9.dylib */; };
		077FA32E191B9FF900D05B19 /* essentiaRT~.pd_darwin in CopyFiles */ = {isa = PBXBuildFile; fileRef = D2AAC09D05546B4700DB518D /* essentiaRT~.pd_darwin */; };
		07A1FE1C1917C48A00687664 /* vecLib.framework in Frameworks */ = {isa = PBXBuildFile; fileRef = 07A1FE1B1917C48A00687664 /* vecLib.framework */; };
		07A1FE1E1917C50E00687664 /* vecLib.framework in Frameworks */ = {isa = PBXBuildFile; fileRef = 07A1FE1B1917C48A00687664 /* vecLib.framework */; };
		07A1FE211917C53A00687664 /* MaxAPI.framework in Frameworks */ = {isa = PBXBuildFile; fileRef = 07A1FE1F1917C53A00687664 /* MaxAPI.framework */; };
		07A1FE221917C53A00687664 /* MaxAudioAPI.framework in Frameworks */ = {isa = PBXBuildFile; fileRef = 07A1FE201917C53A00687664 /* MaxAudioAPI.framework */; };
		6F0650221934A46500D735CA /* EssentiaOnset.cpp in Sources */ = {isa = PBXBuildFile; fileRef = 6F0650201934A46500D735CA /* EssentiaOnset.cpp */; };
		6F0650231934A46500D735CA /* EssentiaOnset.cpp in Sources */ = {isa = PBXBuildFile; fileRef = 6F0650201934A46500D735CA /* EssentiaOnset.cpp */; };
		6F0650241934A46500D735CA /* EssentiaOnset.h in Headers */ = {isa = PBXBuildFile; fileRef = 6F0650211934A46500D735CA /* EssentiaOnset.h */; };
		6F15FD401934FBFC00A11C2E /* EssentiaSFX.cpp in Sources */ = {isa = PBXBuildFile; fileRef = 6F15FD3E1934FBFC00A11C2E /* EssentiaSFX.cpp */; };
		6F15FD411934FBFC00A11C2E /* EssentiaSFX.h in Headers */ = {isa = PBXBuildFile; fileRef = 6F15FD3F1934FBFC00A11C2E /* EssentiaSFX.h */; };
		E98573570D9E52D300682171 /* main.cpp in Sources */ = {isa = PBXBuildFile; fileRef = E98573560D9E52D300682171 /* main.cpp */; };
		E98573580D9E52D300682171 /* main.cpp in Sources */ = {isa = PBXBuildFile; fileRef = E98573560D9E52D300682171 /* main.cpp */; };
/* End PBXBuildFile section */

/* Begin PBXCopyFilesBuildPhase section */
		0703FA0C191921F600B7841E /* CopyFiles */ = {
			isa = PBXCopyFilesBuildPhase;
			buildActionMask = 2147483647;
			dstPath = Users/carthach/Dev/Pd/User_Libraries;
			dstSubfolderSpec = 0;
			files = (
			);
			runOnlyForDeploymentPostprocessing = 0;
		};
		077FA32D191B9FF500D05B19 /* CopyFiles */ = {
			isa = PBXCopyFilesBuildPhase;
			buildActionMask = 2147483647;
			dstPath = /Users/mhermant/Documents/Work/Dev/Pd_externals/externals;
			dstSubfolderSpec = 0;
			files = (
				077FA32E191B9FF900D05B19 /* essentiaRT~.pd_darwin in CopyFiles */,
			);
			runOnlyForDeploymentPostprocessing = 0;
		};
		E9974EC207708C9300206F68 /* CopyFiles */ = {
			isa = PBXCopyFilesBuildPhase;
			buildActionMask = 12;
			dstPath = "/Applications/Max 6.1/Cycling '74/msp-externals";
			dstSubfolderSpec = 0;
			files = (
				0703FA0B191921E900B7841E /* essentiaRT~.mxo in CopyFiles */,
			);
			runOnlyForDeploymentPostprocessing = 0;
		};
/* End PBXCopyFilesBuildPhase section */

/* Begin PBXFileReference section */
		073A718D1920E28700F23449 /* libiconv.dylib */ = {isa = PBXFileReference; lastKnownFileType = "compiled.mach-o.dylib"; name = libiconv.dylib; path = usr/lib/libiconv.dylib; sourceTree = SDKROOT; };
		073A718E1920E28700F23449 /* libbz2.dylib */ = {isa = PBXFileReference; lastKnownFileType = "compiled.mach-o.dylib"; name = libbz2.dylib; path = usr/lib/libbz2.dylib; sourceTree = SDKROOT; };
		073A71911920F1F100F23449 /* CoreFoundation.framework */ = {isa = PBXFileReference; lastKnownFileType = wrapper.framework; name = CoreFoundation.framework; path = System/Library/Frameworks/CoreFoundation.framework; sourceTree = SDKROOT; };
		073A71931920F1F800F23449 /* CoreVideo.framework */ = {isa = PBXFileReference; lastKnownFileType = wrapper.framework; name = CoreVideo.framework; path = System/Library/Frameworks/CoreVideo.framework; sourceTree = SDKROOT; };
		073A71951920F1FF00F23449 /* AVFoundation.framework */ = {isa = PBXFileReference; lastKnownFileType = wrapper.framework; name = AVFoundation.framework; path = System/Library/Frameworks/AVFoundation.framework; sourceTree = SDKROOT; };
		073A71971920F20500F23449 /* VideoDecodeAcceleration.framework */ = {isa = PBXFileReference; lastKnownFileType = wrapper.framework; name = VideoDecodeAcceleration.framework; path = System/Library/Frameworks/VideoDecodeAcceleration.framework; sourceTree = SDKROOT; };
		075C17171924B06E00491DAB /* main.h */ = {isa = PBXFileReference; fileEncoding = 4; lastKnownFileType = sourcecode.c.h; path = main.h; sourceTree = "<group>"; };
		076B5E101921286C00949237 /* libstdc++.6.0.9.dylib */ = {isa = PBXFileReference; lastKnownFileType = "compiled.mach-o.dylib"; name = "libstdc++.6.0.9.dylib"; path = "usr/lib/libstdc++.6.0.9.dylib"; sourceTree = SDKROOT; };
		07A1FE1B1917C48A00687664 /* vecLib.framework */ = {isa = PBXFileReference; lastKnownFileType = wrapper.framework; name = vecLib.framework; path = /System/Library/Frameworks/Accelerate.framework/Versions/A/Frameworks/vecLib.framework; sourceTree = "<absolute>"; };
		07A1FE1F1917C53A00687664 /* MaxAPI.framework */ = {isa = PBXFileReference; lastKnownFileType = wrapper.framework; name = MaxAPI.framework; path = /Library/Frameworks/MaxAPI.framework; sourceTree = "<absolute>"; };
		07A1FE201917C53A00687664 /* MaxAudioAPI.framework */ = {isa = PBXFileReference; lastKnownFileType = wrapper.framework; name = MaxAudioAPI.framework; path = /Library/Frameworks/MaxAudioAPI.framework; sourceTree = "<absolute>"; };
		6F0650201934A46500D735CA /* EssentiaOnset.cpp */ = {isa = PBXFileReference; fileEncoding = 4; lastKnownFileType = sourcecode.cpp.cpp; path = EssentiaOnset.cpp; sourceTree = "<group>"; };
		6F0650211934A46500D735CA /* EssentiaOnset.h */ = {isa = PBXFileReference; fileEncoding = 4; lastKnownFileType = sourcecode.c.h; path = EssentiaOnset.h; sourceTree = "<group>"; };
		6F15FD3E1934FBFC00A11C2E /* EssentiaSFX.cpp */ = {isa = PBXFileReference; fileEncoding = 4; lastKnownFileType = sourcecode.cpp.cpp; path = EssentiaSFX.cpp; sourceTree = "<group>"; };
		6F15FD3F1934FBFC00A11C2E /* EssentiaSFX.h */ = {isa = PBXFileReference; fileEncoding = 4; lastKnownFileType = sourcecode.c.h; path = EssentiaSFX.h; sourceTree = "<group>"; };
		D2AAC09D05546B4700DB518D /* essentiaRT~.pd_darwin */ = {isa = PBXFileReference; explicitFileType = "compiled.mach-o.dylib"; includeInIndex = 0; path = "essentiaRT~.pd_darwin"; sourceTree = BUILT_PRODUCTS_DIR; };
		E98573560D9E52D300682171 /* main.cpp */ = {isa = PBXFileReference; fileEncoding = 4; lastKnownFileType = sourcecode.cpp.cpp; path = main.cpp; sourceTree = "<group>"; };
		E9974E53077083C700206F68 /* essentiaRT~.mxo */ = {isa = PBXFileReference; explicitFileType = wrapper.cfbundle; includeInIndex = 0; path = "essentiaRT~.mxo"; sourceTree = BUILT_PRODUCTS_DIR; };
		E99A3C6B0D35525C00E692EF /* readme.txt */ = {isa = PBXFileReference; fileEncoding = 4; lastKnownFileType = text; path = readme.txt; sourceTree = "<group>"; };
/* End PBXFileReference section */

/* Begin PBXFrameworksBuildPhase section */
		D2AAC09B05546B4700DB518D /* Frameworks */ = {
			isa = PBXFrameworksBuildPhase;
			buildActionMask = 2147483647;
			files = (
				073A71981920F20500F23449 /* VideoDecodeAcceleration.framework in Frameworks */,
				073A71961920F1FF00F23449 /* AVFoundation.framework in Frameworks */,
				073A71941920F1F800F23449 /* CoreVideo.framework in Frameworks */,
				073A71921920F1F100F23449 /* CoreFoundation.framework in Frameworks */,
				073A718F1920E28700F23449 /* libiconv.dylib in Frameworks */,
				07A1FE1C1917C48A00687664 /* vecLib.framework in Frameworks */,
				073A71901920E28700F23449 /* libbz2.dylib in Frameworks */,
			);
			runOnlyForDeploymentPostprocessing = 0;
		};
		E9974E51077083C700206F68 /* Frameworks */ = {
			isa = PBXFrameworksBuildPhase;
			buildActionMask = 2147483647;
			files = (
				076B5E111921286C00949237 /* libstdc++.6.0.9.dylib in Frameworks */,
				07A1FE211917C53A00687664 /* MaxAPI.framework in Frameworks */,
				07A1FE221917C53A00687664 /* MaxAudioAPI.framework in Frameworks */,
				076B5E0B192126EC00949237 /* AVFoundation.framework in Frameworks */,
				076B5E0D192126F100949237 /* CoreFoundation.framework in Frameworks */,
				076B5E0A192126EA00949237 /* VideoDecodeAcceleration.framework in Frameworks */,
				07A1FE1E1917C50E00687664 /* vecLib.framework in Frameworks */,
				076B5E0F192126F500949237 /* libbz2.dylib in Frameworks */,
				076B5E0E192126F300949237 /* libiconv.dylib in Frameworks */,
				076B5E0C192126EE00949237 /* CoreVideo.framework in Frameworks */,
			);
			runOnlyForDeploymentPostprocessing = 0;
		};
/* End PBXFrameworksBuildPhase section */

/* Begin PBXGroup section */
		034768DDFF38A45A11DB9C8B /* Products */ = {
			isa = PBXGroup;
			children = (
				D2AAC09D05546B4700DB518D /* essentiaRT~.pd_darwin */,
				E9974E53077083C700206F68 /* essentiaRT~.mxo */,
			);
			name = Products;
			sourceTree = "<group>";
		};
		0867D691FE84028FC02AAC07 /* xsample */ = {
			isa = PBXGroup;
			children = (
				076B5E101921286C00949237 /* libstdc++.6.0.9.dylib */,
				E99A3C6B0D35525C00E692EF /* readme.txt */,
				08FB77ACFE841707C02AAC07 /* Source */,
				0867D69AFE84028FC02AAC07 /* External Frameworks and Libraries */,
				034768DDFF38A45A11DB9C8B /* Products */,
			);
			name = xsample;
			sourceTree = "<group>";
		};
		0867D69AFE84028FC02AAC07 /* External Frameworks and Libraries */ = {
			isa = PBXGroup;
			children = (
				073A71971920F20500F23449 /* VideoDecodeAcceleration.framework */,
				073A71951920F1FF00F23449 /* AVFoundation.framework */,
				073A71931920F1F800F23449 /* CoreVideo.framework */,
				073A71911920F1F100F23449 /* CoreFoundation.framework */,
				073A718D1920E28700F23449 /* libiconv.dylib */,
				073A718E1920E28700F23449 /* libbz2.dylib */,
				07A1FE1F1917C53A00687664 /* MaxAPI.framework */,
				07A1FE201917C53A00687664 /* MaxAudioAPI.framework */,
				07A1FE1B1917C48A00687664 /* vecLib.framework */,
			);
			name = "External Frameworks and Libraries";
			sourceTree = "<group>";
		};
		08FB77ACFE841707C02AAC07 /* Source */ = {
			isa = PBXGroup;
			children = (
				E98573560D9E52D300682171 /* main.cpp */,
				075C17171924B06E00491DAB /* main.h */,
				6F0650201934A46500D735CA /* EssentiaOnset.cpp */,
				6F0650211934A46500D735CA /* EssentiaOnset.h */,
				6F15FD3E1934FBFC00A11C2E /* EssentiaSFX.cpp */,
				6F15FD3F1934FBFC00A11C2E /* EssentiaSFX.h */,
			);
			name = Source;
			sourceTree = "<group>";
		};
/* End PBXGroup section */

/* Begin PBXHeadersBuildPhase section */
		D2AAC09905546B4700DB518D /* Headers */ = {
			isa = PBXHeadersBuildPhase;
			buildActionMask = 2147483647;
			files = (
				6F15FD411934FBFC00A11C2E /* EssentiaSFX.h in Headers */,
				075C17181924B06E00491DAB /* main.h in Headers */,
				6F0650241934A46500D735CA /* EssentiaOnset.h in Headers */,
			);
			runOnlyForDeploymentPostprocessing = 0;
		};
/* End PBXHeadersBuildPhase section */

/* Begin PBXNativeTarget section */
		D2AAC09C05546B4700DB518D /* pd static */ = {
			isa = PBXNativeTarget;
			buildConfigurationList = E9A5BC8A0A33819900AD9F03 /* Build configuration list for PBXNativeTarget "pd static" */;
			buildPhases = (
				D2AAC09905546B4700DB518D /* Headers */,
				D2AAC09B05546B4700DB518D /* Frameworks */,
				D2AAC09A05546B4700DB518D /* Sources */,
				0703FA0C191921F600B7841E /* CopyFiles */,
				077FA32D191B9FF500D05B19 /* CopyFiles */,
			);
			buildRules = (
			);
			dependencies = (
			);
			name = "pd static";
			productName = xsample;
			productReference = D2AAC09D05546B4700DB518D /* essentiaRT~.pd_darwin */;
			productType = "com.apple.product-type.library.dynamic";
		};
		E9974E52077083C700206F68 /* max static */ = {
			isa = PBXNativeTarget;
			buildConfigurationList = E9A5BC8E0A33819900AD9F03 /* Build configuration list for PBXNativeTarget "max static" */;
			buildPhases = (
				E9974E4F077083C700206F68 /* Resources */,
				E9974E50077083C700206F68 /* Sources */,
				E9974E51077083C700206F68 /* Frameworks */,
				E9974EC207708C9300206F68 /* CopyFiles */,
			);
			buildRules = (
			);
			dependencies = (
			);
			name = "max static";
			productName = "Max xsample static";
			productReference = E9974E53077083C700206F68 /* essentiaRT~.mxo */;
			productType = "com.apple.product-type.bundle";
		};
/* End PBXNativeTarget section */

/* Begin PBXProject section */
		0867D690FE84028FC02AAC07 /* Project object */ = {
			isa = PBXProject;
			attributes = {
			};
			buildConfigurationList = E9A5BC920A33819900AD9F03 /* Build configuration list for PBXProject "essentiaRT~" */;
			compatibilityVersion = "Xcode 2.4";
			developmentRegion = English;
			hasScannedForEncodings = 1;
			knownRegions = (
				en,
			);
			mainGroup = 0867D691FE84028FC02AAC07 /* xsample */;
			productRefGroup = 034768DDFF38A45A11DB9C8B /* Products */;
			projectDirPath = "";
			projectRoot = "";
			targets = (
				D2AAC09C05546B4700DB518D /* pd static */,
				E9974E52077083C700206F68 /* max static */,
			);
		};
/* End PBXProject section */

/* Begin PBXResourcesBuildPhase section */
		E9974E4F077083C700206F68 /* Resources */ = {
			isa = PBXResourcesBuildPhase;
			buildActionMask = 2147483647;
			files = (
			);
			runOnlyForDeploymentPostprocessing = 0;
		};
/* End PBXResourcesBuildPhase section */

/* Begin PBXSourcesBuildPhase section */
		D2AAC09A05546B4700DB518D /* Sources */ = {
			isa = PBXSourcesBuildPhase;
			buildActionMask = 2147483647;
			files = (
				6F15FD401934FBFC00A11C2E /* EssentiaSFX.cpp in Sources */,
				E98573570D9E52D300682171 /* main.cpp in Sources */,
				6F0650221934A46500D735CA /* EssentiaOnset.cpp in Sources */,
			);
			runOnlyForDeploymentPostprocessing = 0;
		};
		E9974E50077083C700206F68 /* Sources */ = {
			isa = PBXSourcesBuildPhase;
			buildActionMask = 2147483647;
			files = (
				E98573580D9E52D300682171 /* main.cpp in Sources */,
				6F0650231934A46500D735CA /* EssentiaOnset.cpp in Sources */,
			);
			runOnlyForDeploymentPostprocessing = 0;
		};
/* End PBXSourcesBuildPhase section */

/* Begin XCBuildConfiguration section */
		E9A5BC8B0A33819900AD9F03 /* Development */ = {
			isa = XCBuildConfiguration;
			buildSettings = {
				ARCHS = "$(ARCHS_STANDARD_32_BIT)";
				CLANG_CXX_LIBRARY = "libc++";
				COPY_PHASE_STRIP = NO;
				DEBUGGING_SYMBOLS = YES;
				DYLIB_COMPATIBILITY_VERSION = 1;
				DYLIB_CURRENT_VERSION = 1;
				EXECUTABLE_EXTENSION = pd_darwin;
				FRAMEWORK_SEARCH_PATHS = (
					"$(inherited)",
					"$(SYSTEM_LIBRARY_DIR)/Frameworks/Accelerate.framework/Versions/A/Frameworks",
				);
				GCC_OPTIMIZATION_LEVEL = 0;
				GCC_PREPROCESSOR_DEFINITIONS = (
					"$(inherited)",
					"FLEXT_SYS=2",
				);
				HEADER_SEARCH_PATHS = (
					"$(inherited)",
					/Applications/Xcode.app/Contents/Developer/Toolchains/XcodeDefault.xctoolchain/usr/include,
					"$(PD)/src",
					"$(MY_INCLUDE)/flext",
				);
				INSTALL_PATH = "$(PD)/extra";
				LIBRARY_SEARCH_PATHS = (
					"/Users/mhermant/Documents/Work/Dev/Essentia-FAT",
					"$(inherited)",
				);
				LIBRARY_STYLE = BUNDLE;
				MACH_O_TYPE = mh_dylib;
				MACOSX_DEPLOYMENT_TARGET = 10.9;
				MY_INCLUDE = /usr/local/include;
				OTHER_LDFLAGS = (
					"-lflext-pd_sd",
					"-undefined",
					dynamic_lookup,
					"-lavcodec",
					"-lavformat",
					"-lavutil",
					"-lswresample",
					"-ltag",
					"-lfftw3f",
					"-lsamplerate",
					"-lyaml",
					"-lessentia",
					"-lz",
					"-read_only_relocs",
					suppress,
				);
				PRODUCT_NAME = "essentiaRT~";
				SDKROOT = macosx;
				VALID_ARCHS = "x86_64 i386";
				ZERO_LINK = YES;
			};
			name = Development;
		};
		E9A5BC8C0A33819900AD9F03 /* Deployment */ = {
			isa = XCBuildConfiguration;
			buildSettings = {
				ARCHS = "$(ARCHS_STANDARD_32_BIT)";
				CLANG_CXX_LIBRARY = "libc++";
				COPY_PHASE_STRIP = NO;
				DYLIB_COMPATIBILITY_VERSION = 1;
				DYLIB_CURRENT_VERSION = 1;
				EXECUTABLE_EXTENSION = pd_darwin;
				FRAMEWORK_SEARCH_PATHS = (
					"$(inherited)",
					"$(SYSTEM_LIBRARY_DIR)/Frameworks/Accelerate.framework/Versions/A/Frameworks",
				);
				GCC_PREPROCESSOR_DEFINITIONS = (
					"$(inherited)",
					"FLEXT_SYS=2",
				);
				HEADER_SEARCH_PATHS = (
					"$(inherited)",
					/Applications/Xcode.app/Contents/Developer/Toolchains/XcodeDefault.xctoolchain/usr/include,
					"$(PD)/src",
					"$(MY_INCLUDE)/flext",
				);
				INSTALL_PATH = "$(PD)/extra";
				LIBRARY_SEARCH_PATHS = (
					"/Users/mhermant/Documents/Work/Dev/Essentia-FAT",
					"$(inherited)",
				);
				LIBRARY_STYLE = BUNDLE;
				MACH_O_TYPE = mh_dylib;
				MACOSX_DEPLOYMENT_TARGET = 10.9;
				MY_INCLUDE = /usr/local/include;
				OTHER_LDFLAGS = (
					"-lflext-pd_sd",
					"-undefined",
					dynamic_lookup,
					"-lavcodec",
					"-lavformat",
					"-lavutil",
					"-lswresample",
					"-ltag",
					"-lfftw3f",
					"-lsamplerate",
					"-lyaml",
					"-lessentia",
					"-lz",
					"-read_only_relocs",
					suppress,
				);
				PRODUCT_NAME = "essentiaRT~";
				SDKROOT = macosx;
				VALID_ARCHS = "x86_64 i386";
				ZERO_LINK = NO;
			};
			name = Deployment;
		};
		E9A5BC8D0A33819900AD9F03 /* Default */ = {
			isa = XCBuildConfiguration;
			buildSettings = {
				ARCHS = "$(ARCHS_STANDARD_32_BIT)";
				CLANG_CXX_LIBRARY = "libc++";
				COPY_PHASE_STRIP = NO;
				DYLIB_COMPATIBILITY_VERSION = 1;
				DYLIB_CURRENT_VERSION = 1;
				EXECUTABLE_EXTENSION = pd_darwin;
				FRAMEWORK_SEARCH_PATHS = (
					"$(inherited)",
					"$(SYSTEM_LIBRARY_DIR)/Frameworks/Accelerate.framework/Versions/A/Frameworks",
				);
				GCC_GENERATE_DEBUGGING_SYMBOLS = NO;
				GCC_INPUT_FILETYPE = sourcecode.cpp.cpp;
				GCC_PREPROCESSOR_DEFINITIONS = "FLEXT_SYS=2";
				HEADER_SEARCH_PATHS = (
					"$(inherited)",
					/Applications/Xcode.app/Contents/Developer/Toolchains/XcodeDefault.xctoolchain/usr/include,
					"$(PD)/src",
					"$(MY_INCLUDE)/flext",
				);
				INSTALL_PATH = "$(PD)/extra";
				LIBRARY_SEARCH_PATHS = (
					"/Users/mhermant/Documents/Work/Dev/Essentia-FAT",
					"$(inherited)",
				);
				LIBRARY_STYLE = BUNDLE;
				MACH_O_TYPE = mh_bundle;
				MY_INCLUDE = /usr/local/include;
				OTHER_LDFLAGS = "";
				PRODUCT_NAME = "essentiaRT~";
				SDKROOT = macosx;
				VALID_ARCHS = "x86_64 i386";
			};
			name = Default;
		};
		E9A5BC8F0A33819900AD9F03 /* Development */ = {
			isa = XCBuildConfiguration;
			buildSettings = {
				ARCHS = i386;
				CLANG_CXX_LANGUAGE_STANDARD = "compiler-default";
				CLANG_CXX_LIBRARY = "compiler-default";
				COPY_PHASE_STRIP = NO;
				DEBUGGING_SYMBOLS = YES;
				FRAMEWORK_SEARCH_PATHS = (
					"$(inherited)",
					"$(SYSTEM_LIBRARY_DIR)/Frameworks/Accelerate.framework/Versions/A/Frameworks",
					"$(LOCAL_LIBRARY_DIR)/Frameworks",
				);
				GCC_OPTIMIZATION_LEVEL = 0;
				GCC_PREPROCESSOR_DEFINITIONS = (
					"$(inherited)",
					"FLEXT_SYS=1",
				);
				GENERATE_PKGINFO_FILE = YES;
				HEADER_SEARCH_PATHS = (
					"$(maxsdk)/max-includes",
					"$(maxsdk)/msp-includes",
					"$(MY_INCLUDE)/flext",
					"$(MY_INCLUDE)",
					"/Users/carthach/Downloads/fftw-3.3.4/BUILD/include",
				);
				INFOPLIST_FILE = "";
				INFOPLIST_PREPROCESS = YES;
				INSTALL_PATH = "/Library/Application Support/Cycling 74/externals/flext";
				LIBRARY_SEARCH_PATHS = (
					"$(FLEXTLIB)",
					"/Users/carthach/Dev/git/Essentia-Libraries/FAT",
					"$(PROJECT_DIR)",
				);
				LIBRARY_STYLE = DYNAMIC;
				OTHER_LDFLAGS = (
					"-lflext-max_sd",
					"-lavcodec",
					"-lavformat",
					"-lavutil",
					"-lswresample",
					"-ltag",
					"-lfftw3f",
					"-lsamplerate",
					"-lyaml",
					"-lessentia",
					"-read_only_relocs",
					suppress,
					"-lz",
				);
				OTHER_REZFLAGS = "";
				PRODUCT_NAME = "essentiaRT~";
				SECTORDER_FLAGS = "";
				VALID_ARCHS = i386;
				WARNING_CFLAGS = (
					"-Wmost",
					"-Wno-four-char-constants",
					"-Wno-unknown-pragmas",
				);
				WRAPPER_EXTENSION = mxo;
				ZERO_LINK = YES;
				maxsdk = "/Users/carthach/Dev/git/max5-sdk/c74support";
			};
			name = Development;
		};
		E9A5BC900A33819900AD9F03 /* Deployment */ = {
			isa = XCBuildConfiguration;
			buildSettings = {
				ARCHS = i386;
				CLANG_CXX_LANGUAGE_STANDARD = "compiler-default";
				CLANG_CXX_LIBRARY = "compiler-default";
				COPY_PHASE_STRIP = YES;
				FRAMEWORK_SEARCH_PATHS = (
					"$(inherited)",
					"$(SYSTEM_LIBRARY_DIR)/Frameworks/Accelerate.framework/Versions/A/Frameworks",
					"$(LOCAL_LIBRARY_DIR)/Frameworks",
				);
				GCC_PREPROCESSOR_DEFINITIONS = (
					"$(inherited)",
					"FLEXT_SYS=1",
				);
				GENERATE_PKGINFO_FILE = YES;
				HEADER_SEARCH_PATHS = (
					"$(maxsdk)/max-includes",
					"$(maxsdk)/msp-includes",
					"$(MY_INCLUDE)/flext",
					"$(MY_INCLUDE)",
					"/Users/carthach/Downloads/fftw-3.3.4/BUILD/include",
				);
				INFOPLIST_FILE = "";
				INFOPLIST_PREPROCESS = YES;
				INSTALL_PATH = "/Library/Application Support/Cycling 74/externals/flext";
				LIBRARY_SEARCH_PATHS = (
					"$(FLEXTLIB)",
					"/Users/carthach/Dev/git/Essentia-Libraries/FAT",
					"$(PROJECT_DIR)",
				);
				LIBRARY_STYLE = DYNAMIC;
				OTHER_LDFLAGS = (
					"-lflext-max_s",
					"-lavcodec",
					"-lavformat",
					"-lavutil",
					"-lswresample",
					"-ltag",
					"-lfftw3f",
					"-lsamplerate",
					"-lyaml",
					"-lessentia",
					"-read_only_relocs",
					suppress,
					"-lz",
				);
				OTHER_REZFLAGS = "";
				PRODUCT_NAME = "essentiaRT~";
				SECTORDER_FLAGS = "";
				VALID_ARCHS = i386;
				WARNING_CFLAGS = (
					"-Wmost",
					"-Wno-four-char-constants",
					"-Wno-unknown-pragmas",
				);
				WRAPPER_EXTENSION = mxo;
				ZERO_LINK = NO;
				maxsdk = "/Users/carthach/Dev/git/max5-sdk/c74support";
			};
			name = Deployment;
		};
		E9A5BC910A33819900AD9F03 /* Default */ = {
			isa = XCBuildConfiguration;
			buildSettings = {
				ARCHS = i386;
				CLANG_CXX_LANGUAGE_STANDARD = "compiler-default";
				CLANG_CXX_LIBRARY = "compiler-default";
				FRAMEWORK_SEARCH_PATHS = (
					"$(inherited)",
					"$(SYSTEM_LIBRARY_DIR)/Frameworks/Accelerate.framework/Versions/A/Frameworks",
					"$(LOCAL_LIBRARY_DIR)/Frameworks",
				);
				GCC_PREPROCESSOR_DEFINITIONS = "FLEXT_SYS=1";
				GENERATE_PKGINFO_FILE = YES;
				HEADER_SEARCH_PATHS = (
					"$(maxsdk)/max-includes",
					"$(maxsdk)/msp-includes",
					"$(MY_INCLUDE)/flext",
					"$(MY_INCLUDE)",
					"/Users/carthach/Downloads/fftw-3.3.4/BUILD/include",
				);
				INFOPLIST_FILE = "";
				INSTALL_PATH = "/Library/Application Support/Cycling 74/externals/flext";
				LIBRARY_SEARCH_PATHS = (
					"$(FLEXTLIB)",
					"/Users/carthach/Dev/git/Essentia-Libraries/FAT",
					"$(PROJECT_DIR)",
				);
				LIBRARY_STYLE = DYNAMIC;
				OTHER_CFLAGS = "";
				OTHER_LDFLAGS = "";
				OTHER_REZFLAGS = "";
				PRODUCT_NAME = "essentiaRT~";
				SECTORDER_FLAGS = "";
				VALID_ARCHS = i386;
				WARNING_CFLAGS = (
					"-Wmost",
					"-Wno-four-char-constants",
					"-Wno-unknown-pragmas",
				);
				WRAPPER_EXTENSION = mxo;
				maxsdk = "/Users/carthach/Dev/git/max5-sdk/c74support";
			};
			name = Default;
		};
		E9A5BC930A33819900AD9F03 /* Development */ = {
			isa = XCBuildConfiguration;
			buildSettings = {
				ARCHS = i386;
				CLANG_CXX_LIBRARY = "libstdc++";
				FLEXTLIB = /usr/local/lib;
				GCC_ALTIVEC_EXTENSIONS = YES;
				GCC_ENABLE_FIX_AND_CONTINUE = YES;
				GCC_OPTIMIZATION_LEVEL = 0;
				GCC_PREPROCESSOR_DEFINITIONS = (
					_DEBUG,
					FLEXT_USESIMD,
				);
				HEADER_SEARCH_PATHS = (
					"$(inherited)",
					/Applications/Xcode.app/Contents/Developer/Toolchains/XcodeDefault.xctoolchain/usr/include,
					"$(MY_INCLUDE)/flext",
					"$(MY_INCLUDE)",
				);
				LIBRARY_SEARCH_PATHS = "$(FLEXTLIB)";
				MY_INCLUDE = /usr/local/include;
				OTHER_LDFLAGS = "";
				PD = "/Applications/Pd-extended.app/Contents/Resources";
				PRODUCT_NAME = "$(PROJECT_NAME)";
				SDKROOT = macosx;
				VALID_ARCHS = i386;
				maxsdk = "/Users/carthach/Dev/git/max5-sdk/c74support";
			};
			name = Development;
		};
		E9A5BC940A33819900AD9F03 /* Deployment */ = {
			isa = XCBuildConfiguration;
			buildSettings = {
				ARCHS = i386;
				CLANG_CXX_LIBRARY = "libstdc++";
				FLEXTLIB = /usr/local/lib;
				GCC_ALTIVEC_EXTENSIONS = YES;
				GCC_ENABLE_SSE3_EXTENSIONS = YES;
				GCC_GENERATE_DEBUGGING_SYMBOLS = YES;
				GCC_PREPROCESSOR_DEFINITIONS = (
					NDEBUG,
					FLEXT_USESIMD,
				);
				GCC_STRICT_ALIASING = YES;
				HEADER_SEARCH_PATHS = (
					"$(inherited)",
					/Applications/Xcode.app/Contents/Developer/Toolchains/XcodeDefault.xctoolchain/usr/include,
					"$(MY_INCLUDE)/flext",
					"$(MY_INCLUDE)",
				);
				LIBRARY_SEARCH_PATHS = "$(FLEXTLIB)";
				MY_INCLUDE = /usr/local/include;
				OTHER_LDFLAGS = "";
				PD = "/Applications/Pd-extended.app/Contents/Resources";
				PRODUCT_NAME = "$(PROJECT_NAME)";
				SDKROOT = macosx;
				VALID_ARCHS = i386;
				maxsdk = "/Users/carthach/Dev/git/max5-sdk/c74support";
			};
			name = Deployment;
		};
		E9A5BC950A33819900AD9F03 /* Default */ = {
			isa = XCBuildConfiguration;
			buildSettings = {
				ARCHS = i386;
				CLANG_CXX_LIBRARY = "libstdc++";
				FLEXTLIB = /usr/local/lib;
				HEADER_SEARCH_PATHS = (
					"$(inherited)",
					/Applications/Xcode.app/Contents/Developer/Toolchains/XcodeDefault.xctoolchain/usr/include,
					"$(MY_INCLUDE)/flext",
					"$(MY_INCLUDE)",
				);
				LIBRARY_SEARCH_PATHS = "$(FLEXTLIB)";
				MY_INCLUDE = /usr/local/include;
				OTHER_LDFLAGS = "";
				PD = "/Applications/Pd-extended.app/Contents/Resources";
				SDKROOT = macosx;
				VALID_ARCHS = i386;
				maxsdk = "/Users/carthach/Dev/git/max5-sdk/c74support";
			};
			name = Default;
		};
/* End XCBuildConfiguration section */

/* Begin XCConfigurationList section */
		E9A5BC8A0A33819900AD9F03 /* Build configuration list for PBXNativeTarget "pd static" */ = {
			isa = XCConfigurationList;
			buildConfigurations = (
				E9A5BC8B0A33819900AD9F03 /* Development */,
				E9A5BC8C0A33819900AD9F03 /* Deployment */,
				E9A5BC8D0A33819900AD9F03 /* Default */,
			);
			defaultConfigurationIsVisible = 0;
			defaultConfigurationName = Default;
		};
		E9A5BC8E0A33819900AD9F03 /* Build configuration list for PBXNativeTarget "max static" */ = {
			isa = XCConfigurationList;
			buildConfigurations = (
				E9A5BC8F0A33819900AD9F03 /* Development */,
				E9A5BC900A33819900AD9F03 /* Deployment */,
				E9A5BC910A33819900AD9F03 /* Default */,
			);
			defaultConfigurationIsVisible = 0;
			defaultConfigurationName = Default;
		};
		E9A5BC920A33819900AD9F03 /* Build configuration list for PBXProject "essentiaRT~" */ = {
			isa = XCConfigurationList;
			buildConfigurations = (
				E9A5BC930A33819900AD9F03 /* Development */,
				E9A5BC940A33819900AD9F03 /* Deployment */,
				E9A5BC950A33819900AD9F03 /* Default */,
			);
			defaultConfigurationIsVisible = 0;
			defaultConfigurationName = Default;
		};
/* End XCConfigurationList section */
	};
	rootObject = 0867D690FE84028FC02AAC07 /* Project object */;
}
