// !$*UTF8*$!
{
	archiveVersion = 1;
	classes = {
	};
	objectVersion = 46;
	objects = {

/* Begin PBXBuildFile section */
		07491CEF1A1E5D5A0087E350 /* libstdc++.6.0.9.dylib in Frameworks */ = {isa = PBXBuildFile; fileRef = 07491CEE1A1E5D5A0087E350 /* libstdc++.6.0.9.dylib */; };
		07491CF41A1E64FA0087E350 /* libstdc++.6.0.9.dylib in Frameworks */ = {isa = PBXBuildFile; fileRef = 07491CEE1A1E5D5A0087E350 /* libstdc++.6.0.9.dylib */; };
		07491CFE1A1E71050087E350 /* essentiaRT~.pd_darwin in Copy Files */ = {isa = PBXBuildFile; fileRef = D2AAC09D05546B4700DB518D /* essentiaRT~.pd_darwin */; };
		07A865DD1A1E4544008354B9 /* EssentiaOnset.cpp in Sources */ = {isa = PBXBuildFile; fileRef = 07A865D51A1E4544008354B9 /* EssentiaOnset.cpp */; };
		07A865DE1A1E4544008354B9 /* EssentiaOnset.cpp in Sources */ = {isa = PBXBuildFile; fileRef = 07A865D51A1E4544008354B9 /* EssentiaOnset.cpp */; };
		07A865DF1A1E4544008354B9 /* EssentiaSFX.cpp in Sources */ = {isa = PBXBuildFile; fileRef = 07A865D61A1E4544008354B9 /* EssentiaSFX.cpp */; };
		07A865E01A1E4544008354B9 /* EssentiaSFX.cpp in Sources */ = {isa = PBXBuildFile; fileRef = 07A865D61A1E4544008354B9 /* EssentiaSFX.cpp */; };
		07A865E31A1E4544008354B9 /* main.cpp in Sources */ = {isa = PBXBuildFile; fileRef = 07A865D81A1E4544008354B9 /* main.cpp */; };
		07A865E41A1E4544008354B9 /* main.cpp in Sources */ = {isa = PBXBuildFile; fileRef = 07A865D81A1E4544008354B9 /* main.cpp */; };
		07A865E51A1E4544008354B9 /* EssentiaOnset.h in Headers */ = {isa = PBXBuildFile; fileRef = 07A865D91A1E4544008354B9 /* EssentiaOnset.h */; };
		07A865E61A1E4544008354B9 /* EssentiaSFX.h in Headers */ = {isa = PBXBuildFile; fileRef = 07A865DA1A1E4544008354B9 /* EssentiaSFX.h */; };
		07A865E81A1E4544008354B9 /* main.h in Headers */ = {isa = PBXBuildFile; fileRef = 07A865DC1A1E4544008354B9 /* main.h */; };
		6F004B5C1B4DA2A300B246E0 /* libessentiaRT64.a in Frameworks */ = {isa = PBXBuildFile; fileRef = 6F37520E1B4D0AF90089C554 /* libessentiaRT64.a */; };
		6F004B5D1B4DA2AC00B246E0 /* libflext-max_sd.a in Frameworks */ = {isa = PBXBuildFile; fileRef = 6FE6580D1B4ACEAA00741735 /* libflext-max_sd.a */; };
		6F1AE8B81B4E876C002A2721 /* essentiaRT~.mxo in CopyFiles */ = {isa = PBXBuildFile; fileRef = 6F37520A1B4D0AF90089C554 /* essentiaRT~.mxo */; };
		6F1AE8BE1B4E8772002A2721 /* essentiaRT~.mxo in CopyFiles */ = {isa = PBXBuildFile; fileRef = 6F3753F91B4D30960089C554 /* essentiaRT~.mxo */; };
		6F1AE8BF1B4E8776002A2721 /* essentiaRT~.mxo in CopyFiles */ = {isa = PBXBuildFile; fileRef = E9974E53077083C700206F68 /* essentiaRT~.mxo */; };
		6F26F7C51B4C4FED0074B3D9 /* libessentiaRT.a in Frameworks */ = {isa = PBXBuildFile; fileRef = 6FA5A4A41B21F0AD002C23E4 /* libessentiaRT.a */; };
		6F3751FA1B4D0AF90089C554 /* Info.plist in Resources */ = {isa = PBXBuildFile; fileRef = E99A3B760D35508600E692EF /* Info.plist */; };
		6F3751FC1B4D0AF90089C554 /* EssentiaOnset.cpp in Sources */ = {isa = PBXBuildFile; fileRef = 07A865D51A1E4544008354B9 /* EssentiaOnset.cpp */; };
		6F3751FD1B4D0AF90089C554 /* EssentiaSFX.cpp in Sources */ = {isa = PBXBuildFile; fileRef = 07A865D61A1E4544008354B9 /* EssentiaSFX.cpp */; };
		6F3751FE1B4D0AF90089C554 /* main.cpp in Sources */ = {isa = PBXBuildFile; fileRef = 07A865D81A1E4544008354B9 /* main.cpp */; };
		6F3752041B4D0AF90089C554 /* libstdc++.6.0.9.dylib in Frameworks */ = {isa = PBXBuildFile; fileRef = 07491CEE1A1E5D5A0087E350 /* libstdc++.6.0.9.dylib */; };
		6F3753E91B4D30960089C554 /* Info.plist in Resources */ = {isa = PBXBuildFile; fileRef = E99A3B760D35508600E692EF /* Info.plist */; };
		6F3753EB1B4D30960089C554 /* EssentiaOnset.cpp in Sources */ = {isa = PBXBuildFile; fileRef = 07A865D51A1E4544008354B9 /* EssentiaOnset.cpp */; };
		6F3753EC1B4D30960089C554 /* EssentiaSFX.cpp in Sources */ = {isa = PBXBuildFile; fileRef = 07A865D61A1E4544008354B9 /* EssentiaSFX.cpp */; };
		6F3753ED1B4D30960089C554 /* main.cpp in Sources */ = {isa = PBXBuildFile; fileRef = 07A865D81A1E4544008354B9 /* main.cpp */; };
		6F3753F21B4D30960089C554 /* libflext-max_sd.a in Frameworks */ = {isa = PBXBuildFile; fileRef = 6FE6580D1B4ACEAA00741735 /* libflext-max_sd.a */; };
		6F3753F31B4D30960089C554 /* libstdc++.6.0.9.dylib in Frameworks */ = {isa = PBXBuildFile; fileRef = 07491CEE1A1E5D5A0087E350 /* libstdc++.6.0.9.dylib */; };
		6F3753FB1B4D30A80089C554 /* libessentiaRTFAT.a in Frameworks */ = {isa = PBXBuildFile; fileRef = 6F3753E21B4D2FAA0089C554 /* libessentiaRTFAT.a */; };
		6F390AA01B4D80EC002C42A6 /* libflext-max_sd.a in Frameworks */ = {isa = PBXBuildFile; fileRef = 6FE6580D1B4ACEAA00741735 /* libflext-max_sd.a */; };
		6FE657FC1B4ACE8300741735 /* libessentiaRT.a in Frameworks */ = {isa = PBXBuildFile; fileRef = 6FA5A4A41B21F0AD002C23E4 /* libessentiaRT.a */; };
		6FE6581C1B4AD19F00741735 /* libflext-pd_sd.a in Frameworks */ = {isa = PBXBuildFile; fileRef = 6FE658071B4ACEAA00741735 /* libflext-pd_sd.a */; };
/* End PBXBuildFile section */

/* Begin PBXContainerItemProxy section */
		6F004B5E1B4DA2B800B246E0 /* PBXContainerItemProxy */ = {
			isa = PBXContainerItemProxy;
			containerPortal = 6FA5A49C1B21F0AD002C23E4 /* essentiaX.xcodeproj */;
			proxyType = 1;
			remoteGlobalIDString = 6F3750351B4D0AA20089C554;
			remoteInfo = essentiaRT64;
		};
		6F004B601B4DA2B800B246E0 /* PBXContainerItemProxy */ = {
			isa = PBXContainerItemProxy;
			containerPortal = 6FE657FD1B4ACEAA00741735 /* flext.xcodeproj */;
			proxyType = 1;
			remoteGlobalIDString = E997498C07705CC400206F68;
			remoteInfo = "Max static single";
		};
		6F26F7BA1B4C4FD80074B3D9 /* PBXContainerItemProxy */ = {
			isa = PBXContainerItemProxy;
			containerPortal = 6FA5A49C1B21F0AD002C23E4 /* essentiaX.xcodeproj */;
			proxyType = 1;
			remoteGlobalIDString = 6FA5A2AC1B21EFAF002C23E4;
			remoteInfo = essentiaRT;
		};
		6F26F7C21B4C4FDD0074B3D9 /* PBXContainerItemProxy */ = {
			isa = PBXContainerItemProxy;
			containerPortal = 6FE657FD1B4ACEAA00741735 /* flext.xcodeproj */;
			proxyType = 1;
			remoteGlobalIDString = E997498C07705CC400206F68;
			remoteInfo = "Max static single";
		};
		6F37520D1B4D0AF90089C554 /* PBXContainerItemProxy */ = {
			isa = PBXContainerItemProxy;
			containerPortal = 6FA5A49C1B21F0AD002C23E4 /* essentiaX.xcodeproj */;
			proxyType = 2;
			remoteGlobalIDString = 6F3751F31B4D0AA20089C554;
			remoteInfo = essentiaRT64;
		};
		6F3753E11B4D2FAA0089C554 /* PBXContainerItemProxy */ = {
			isa = PBXContainerItemProxy;
			containerPortal = 6FA5A49C1B21F0AD002C23E4 /* essentiaX.xcodeproj */;
			proxyType = 2;
			remoteGlobalIDString = 6F3753DF1B4D2DEB0089C554;
			remoteInfo = essentiaRTFAT;
		};
		6F3753E71B4D30960089C554 /* PBXContainerItemProxy */ = {
			isa = PBXContainerItemProxy;
			containerPortal = 6FE657FD1B4ACEAA00741735 /* flext.xcodeproj */;
			proxyType = 1;
			remoteGlobalIDString = E997498C07705CC400206F68;
			remoteInfo = "Max static single";
		};
		6F3754181B4D4AC70089C554 /* PBXContainerItemProxy */ = {
			isa = PBXContainerItemProxy;
			containerPortal = 6FA5A49C1B21F0AD002C23E4 /* essentiaX.xcodeproj */;
			proxyType = 1;
			remoteGlobalIDString = 6F3752221B4D2DEB0089C554;
			remoteInfo = essentiaRTFAT;
		};
		6FA5A4A11B21F0AD002C23E4 /* PBXContainerItemProxy */ = {
			isa = PBXContainerItemProxy;
			containerPortal = 6FA5A49C1B21F0AD002C23E4 /* essentiaX.xcodeproj */;
			proxyType = 2;
			remoteGlobalIDString = 6FD0EB0E197E7B070093FFB6;
			remoteInfo = essentiaX;
		};
		6FA5A4A31B21F0AD002C23E4 /* PBXContainerItemProxy */ = {
			isa = PBXContainerItemProxy;
			containerPortal = 6FA5A49C1B21F0AD002C23E4 /* essentiaX.xcodeproj */;
			proxyType = 2;
			remoteGlobalIDString = 6FA5A49B1B21EFAF002C23E4;
			remoteInfo = essentiaRT;
		};
		6FDC781E1B21F0DB008F6A99 /* PBXContainerItemProxy */ = {
			isa = PBXContainerItemProxy;
			containerPortal = 6FA5A49C1B21F0AD002C23E4 /* essentiaX.xcodeproj */;
			proxyType = 1;
			remoteGlobalIDString = 6FA5A2AC1B21EFAF002C23E4;
			remoteInfo = essentiaRT;
		};
		6FE658061B4ACEAA00741735 /* PBXContainerItemProxy */ = {
			isa = PBXContainerItemProxy;
			containerPortal = 6FE657FD1B4ACEAA00741735 /* flext.xcodeproj */;
			proxyType = 2;
			remoteGlobalIDString = E99747CD0770545100206F68;
			remoteInfo = "PD static single";
		};
		6FE658081B4ACEAA00741735 /* PBXContainerItemProxy */ = {
			isa = PBXContainerItemProxy;
			containerPortal = 6FE657FD1B4ACEAA00741735 /* flext.xcodeproj */;
			proxyType = 2;
			remoteGlobalIDString = E997483F0770570800206F68;
			remoteInfo = "PD static multi";
		};
		6FE6580A1B4ACEAA00741735 /* PBXContainerItemProxy */ = {
			isa = PBXContainerItemProxy;
			containerPortal = 6FE657FD1B4ACEAA00741735 /* flext.xcodeproj */;
			proxyType = 2;
			remoteGlobalIDString = E9974886077058C100206F68;
			remoteInfo = "PD shared";
		};
		6FE6580C1B4ACEAA00741735 /* PBXContainerItemProxy */ = {
			isa = PBXContainerItemProxy;
			containerPortal = 6FE657FD1B4ACEAA00741735 /* flext.xcodeproj */;
			proxyType = 2;
			remoteGlobalIDString = E99749BE07705CC400206F68;
			remoteInfo = "Max static single";
		};
		6FE6580E1B4ACEAA00741735 /* PBXContainerItemProxy */ = {
			isa = PBXContainerItemProxy;
			containerPortal = 6FE657FD1B4ACEAA00741735 /* flext.xcodeproj */;
			proxyType = 2;
			remoteGlobalIDString = E9974BC407705F1400206F68;
			remoteInfo = "Max static multi";
		};
		6FE658101B4ACEAA00741735 /* PBXContainerItemProxy */ = {
			isa = PBXContainerItemProxy;
			containerPortal = 6FE657FD1B4ACEAA00741735 /* flext.xcodeproj */;
			proxyType = 2;
			remoteGlobalIDString = E9974BFA07705F4F00206F68;
			remoteInfo = "Max shared";
		};
		6FE6581A1B4AD19600741735 /* PBXContainerItemProxy */ = {
			isa = PBXContainerItemProxy;
			containerPortal = 6FE657FD1B4ACEAA00741735 /* flext.xcodeproj */;
			proxyType = 1;
			remoteGlobalIDString = E99747CC0770545100206F68;
			remoteInfo = "PD static single";
		};
/* End PBXContainerItemProxy section */

/* Begin PBXCopyFilesBuildPhase section */
		07A865BF1A1E3860008354B9 /* Copy Files */ = {
			isa = PBXCopyFilesBuildPhase;
			buildActionMask = 2147483647;
			dstPath = $SRCROOT/../Pd/bin;
			dstSubfolderSpec = 0;
			files = (
				07491CFE1A1E71050087E350 /* essentiaRT~.pd_darwin in Copy Files */,
			);
			name = "Copy Files";
			runOnlyForDeploymentPostprocessing = 0;
		};
		6F3752051B4D0AF90089C554 /* CopyFiles */ = {
			isa = PBXCopyFilesBuildPhase;
			buildActionMask = 12;
			dstPath = $SRCROOT/../Max/bin;
			dstSubfolderSpec = 0;
			files = (
				6F1AE8B81B4E876C002A2721 /* essentiaRT~.mxo in CopyFiles */,
			);
			runOnlyForDeploymentPostprocessing = 0;
		};
		6F3753F41B4D30960089C554 /* CopyFiles */ = {
			isa = PBXCopyFilesBuildPhase;
			buildActionMask = 12;
			dstPath = $SRCROOT/../Max/bin;
			dstSubfolderSpec = 0;
			files = (
				6F1AE8BE1B4E8772002A2721 /* essentiaRT~.mxo in CopyFiles */,
			);
			runOnlyForDeploymentPostprocessing = 0;
		};
		E9974EC207708C9300206F68 /* CopyFiles */ = {
			isa = PBXCopyFilesBuildPhase;
			buildActionMask = 12;
			dstPath = $SRCROOT/../Max/bin;
			dstSubfolderSpec = 0;
			files = (
				6F1AE8BF1B4E8776002A2721 /* essentiaRT~.mxo in CopyFiles */,
			);
			runOnlyForDeploymentPostprocessing = 0;
		};
/* End PBXCopyFilesBuildPhase section */

/* Begin PBXFileReference section */
		07491CEE1A1E5D5A0087E350 /* libstdc++.6.0.9.dylib */ = {isa = PBXFileReference; lastKnownFileType = "compiled.mach-o.dylib"; name = "libstdc++.6.0.9.dylib"; path = "usr/lib/libstdc++.6.0.9.dylib"; sourceTree = SDKROOT; };
		07A865D51A1E4544008354B9 /* EssentiaOnset.cpp */ = {isa = PBXFileReference; fileEncoding = 4; lastKnownFileType = sourcecode.cpp.cpp; path = EssentiaOnset.cpp; sourceTree = "<group>"; };
		07A865D61A1E4544008354B9 /* EssentiaSFX.cpp */ = {isa = PBXFileReference; fileEncoding = 4; lastKnownFileType = sourcecode.cpp.cpp; path = EssentiaSFX.cpp; sourceTree = "<group>"; };
		07A865D81A1E4544008354B9 /* main.cpp */ = {isa = PBXFileReference; fileEncoding = 4; lastKnownFileType = sourcecode.cpp.cpp; path = main.cpp; sourceTree = "<group>"; };
		07A865D91A1E4544008354B9 /* EssentiaOnset.h */ = {isa = PBXFileReference; fileEncoding = 4; lastKnownFileType = sourcecode.c.h; path = EssentiaOnset.h; sourceTree = "<group>"; };
		07A865DA1A1E4544008354B9 /* EssentiaSFX.h */ = {isa = PBXFileReference; fileEncoding = 4; lastKnownFileType = sourcecode.c.h; path = EssentiaSFX.h; sourceTree = "<group>"; };
		07A865DC1A1E4544008354B9 /* main.h */ = {isa = PBXFileReference; fileEncoding = 4; lastKnownFileType = sourcecode.c.h; path = main.h; sourceTree = "<group>"; };
		6F37520A1B4D0AF90089C554 /* essentiaRT~.mxo */ = {isa = PBXFileReference; explicitFileType = wrapper.cfbundle; includeInIndex = 0; path = "essentiaRT~.mxo"; sourceTree = BUILT_PRODUCTS_DIR; };
		6F37520B1B4D0AF90089C554 /* max static copy-Info.plist */ = {isa = PBXFileReference; lastKnownFileType = text.plist.xml; name = "max static copy-Info.plist"; path = "/Users/mhermant/Documents/Work/Dev/PD/MC-Sonaar/essentiaRT~/max static copy-Info.plist"; sourceTree = "<absolute>"; };
		6F3753F91B4D30960089C554 /* essentiaRT~.mxo */ = {isa = PBXFileReference; explicitFileType = wrapper.cfbundle; includeInIndex = 0; path = "essentiaRT~.mxo"; sourceTree = BUILT_PRODUCTS_DIR; };
		6F3753FA1B4D30960089C554 /* max static64 copy-Info.plist */ = {isa = PBXFileReference; lastKnownFileType = text.plist.xml; name = "max static64 copy-Info.plist"; path = "/Users/mhermant/Documents/Work/Dev/PD/MC-Sonaar/essentiaRT~/max static64 copy-Info.plist"; sourceTree = "<absolute>"; };
		6F3754151B4D49470089C554 /* max staticFAT copy-Info.plist */ = {isa = PBXFileReference; lastKnownFileType = text.plist.xml; name = "max staticFAT copy-Info.plist"; path = "/Users/mhermant/Documents/Work/Dev/PD/MC-Sonaar/essentiaRT~/max staticFAT copy-Info.plist"; sourceTree = "<absolute>"; };
		6F37541D1B4D68E70089C554 /* Accelerate.framework */ = {isa = PBXFileReference; lastKnownFileType = wrapper.framework; name = Accelerate.framework; path = System/Library/Frameworks/Accelerate.framework; sourceTree = SDKROOT; };
		6FA5A49C1B21F0AD002C23E4 /* essentiaX.xcodeproj */ = {isa = PBXFileReference; lastKnownFileType = "wrapper.pb-project"; name = essentiaX.xcodeproj; path = ../../../essentiaX/essentiaX.xcodeproj; sourceTree = "<group>"; };
		6FE657FD1B4ACEAA00741735 /* flext.xcodeproj */ = {isa = PBXFileReference; lastKnownFileType = "wrapper.pb-project"; name = flext.xcodeproj; path = ../../../flext/flext.xcodeproj; sourceTree = "<group>"; };
		D2AAC09D05546B4700DB518D /* essentiaRT~.pd_darwin */ = {isa = PBXFileReference; explicitFileType = "compiled.mach-o.dylib"; includeInIndex = 0; path = "essentiaRT~.pd_darwin"; sourceTree = BUILT_PRODUCTS_DIR; };
		E9974E53077083C700206F68 /* essentiaRT~.mxo */ = {isa = PBXFileReference; explicitFileType = wrapper.cfbundle; includeInIndex = 0; path = "essentiaRT~.mxo"; sourceTree = BUILT_PRODUCTS_DIR; };
		E99A3B760D35508600E692EF /* Info.plist */ = {isa = PBXFileReference; fileEncoding = 30; lastKnownFileType = text.plist.xml; path = Info.plist; sourceTree = "<group>"; };
/* End PBXFileReference section */

/* Begin PBXFrameworksBuildPhase section */
		6F3751FF1B4D0AF90089C554 /* Frameworks */ = {
			isa = PBXFrameworksBuildPhase;
			buildActionMask = 2147483647;
			files = (
				6F004B5D1B4DA2AC00B246E0 /* libflext-max_sd.a in Frameworks */,
				6F004B5C1B4DA2A300B246E0 /* libessentiaRT64.a in Frameworks */,
				6F3752041B4D0AF90089C554 /* libstdc++.6.0.9.dylib in Frameworks */,
			);
			runOnlyForDeploymentPostprocessing = 0;
		};
		6F3753EE1B4D30960089C554 /* Frameworks */ = {
			isa = PBXFrameworksBuildPhase;
			buildActionMask = 2147483647;
			files = (
				6F3753F21B4D30960089C554 /* libflext-max_sd.a in Frameworks */,
				6F3753FB1B4D30A80089C554 /* libessentiaRTFAT.a in Frameworks */,
				6F3753F31B4D30960089C554 /* libstdc++.6.0.9.dylib in Frameworks */,
			);
			runOnlyForDeploymentPostprocessing = 0;
		};
		D2AAC09B05546B4700DB518D /* Frameworks */ = {
			isa = PBXFrameworksBuildPhase;
			buildActionMask = 2147483647;
			files = (
				6FE6581C1B4AD19F00741735 /* libflext-pd_sd.a in Frameworks */,
				6FE657FC1B4ACE8300741735 /* libessentiaRT.a in Frameworks */,
				07491CEF1A1E5D5A0087E350 /* libstdc++.6.0.9.dylib in Frameworks */,
			);
			runOnlyForDeploymentPostprocessing = 0;
		};
		E9974E51077083C700206F68 /* Frameworks */ = {
			isa = PBXFrameworksBuildPhase;
			buildActionMask = 2147483647;
			files = (
				6F390AA01B4D80EC002C42A6 /* libflext-max_sd.a in Frameworks */,
				6F26F7C51B4C4FED0074B3D9 /* libessentiaRT.a in Frameworks */,
				07491CF41A1E64FA0087E350 /* libstdc++.6.0.9.dylib in Frameworks */,
			);
			runOnlyForDeploymentPostprocessing = 0;
		};
/* End PBXFrameworksBuildPhase section */

/* Begin PBXGroup section */
		034768DDFF38A45A11DB9C8B /* Products */ = {
			isa = PBXGroup;
			children = (
				D2AAC09D05546B4700DB518D /* essentiaRT~.pd_darwin */,
				E9974E53077083C700206F68 /* essentiaRT~.mxo */,
				6F37520A1B4D0AF90089C554 /* essentiaRT~.mxo */,
				6F3753F91B4D30960089C554 /* essentiaRT~.mxo */,
			);
			name = Products;
			sourceTree = "<group>";
		};
		0867D691FE84028FC02AAC07 /* xsample */ = {
			isa = PBXGroup;
			children = (
				08FB77ACFE841707C02AAC07 /* Source */,
				0867D69AFE84028FC02AAC07 /* External Frameworks and Libraries */,
				034768DDFF38A45A11DB9C8B /* Products */,
				6F37520B1B4D0AF90089C554 /* max static copy-Info.plist */,
				6F3753FA1B4D30960089C554 /* max static64 copy-Info.plist */,
				6F3754151B4D49470089C554 /* max staticFAT copy-Info.plist */,
			);
			name = xsample;
			sourceTree = "<group>";
		};
		0867D69AFE84028FC02AAC07 /* External Frameworks and Libraries */ = {
			isa = PBXGroup;
			children = (
				6F37541D1B4D68E70089C554 /* Accelerate.framework */,
				6FA5A49C1B21F0AD002C23E4 /* essentiaX.xcodeproj */,
				07491CEE1A1E5D5A0087E350 /* libstdc++.6.0.9.dylib */,
				6FE657FD1B4ACEAA00741735 /* flext.xcodeproj */,
			);
			name = "External Frameworks and Libraries";
			sourceTree = "<group>";
		};
		08FB77ACFE841707C02AAC07 /* Source */ = {
			isa = PBXGroup;
			children = (
				07A865D61A1E4544008354B9 /* EssentiaSFX.cpp */,
				07A865DA1A1E4544008354B9 /* EssentiaSFX.h */,
				07A865D81A1E4544008354B9 /* main.cpp */,
				07A865DC1A1E4544008354B9 /* main.h */,
				07A865D91A1E4544008354B9 /* EssentiaOnset.h */,
				07A865D51A1E4544008354B9 /* EssentiaOnset.cpp */,
				E99A3B760D35508600E692EF /* Info.plist */,
			);
			name = Source;
			sourceTree = "<group>";
		};
		6FA5A49D1B21F0AD002C23E4 /* Products */ = {
			isa = PBXGroup;
			children = (
				6FA5A4A21B21F0AD002C23E4 /* libessentiaX.a */,
				6FA5A4A41B21F0AD002C23E4 /* libessentiaRT.a */,
				6F37520E1B4D0AF90089C554 /* libessentiaRT64.a */,
				6F3753E21B4D2FAA0089C554 /* libessentiaRTFAT.a */,
			);
			name = Products;
			sourceTree = "<group>";
		};
		6FE657FE1B4ACEAA00741735 /* Products */ = {
			isa = PBXGroup;
			children = (
				6FE658071B4ACEAA00741735 /* libflext-pd_sd.a */,
				6FE658091B4ACEAA00741735 /* libflext-pd_td.a */,
				6FE6580B1B4ACEAA00741735 /* libflext-pd_d.dylib */,
				6FE6580D1B4ACEAA00741735 /* libflext-max_sd.a */,
				6FE6580F1B4ACEAA00741735 /* libflext-max_td.a */,
				6FE658111B4ACEAA00741735 /* libflext-max_d.dylib */,
			);
			name = Products;
			sourceTree = "<group>";
		};
/* End PBXGroup section */

/* Begin PBXHeadersBuildPhase section */
		D2AAC09905546B4700DB518D /* Headers */ = {
			isa = PBXHeadersBuildPhase;
			buildActionMask = 2147483647;
			files = (
				07A865E81A1E4544008354B9 /* main.h in Headers */,
				07A865E61A1E4544008354B9 /* EssentiaSFX.h in Headers */,
				07A865E51A1E4544008354B9 /* EssentiaOnset.h in Headers */,
			);
			runOnlyForDeploymentPostprocessing = 0;
		};
/* End PBXHeadersBuildPhase section */

/* Begin PBXNativeTarget section */
		6F3751F41B4D0AF90089C554 /* max static64 */ = {
			isa = PBXNativeTarget;
			buildConfigurationList = 6F3752071B4D0AF90089C554 /* Build configuration list for PBXNativeTarget "max static64" */;
			buildPhases = (
				6F3751F91B4D0AF90089C554 /* Resources */,
				6F3751FB1B4D0AF90089C554 /* Sources */,
				6F3751FF1B4D0AF90089C554 /* Frameworks */,
				6F3752051B4D0AF90089C554 /* CopyFiles */,
			);
			buildRules = (
			);
			dependencies = (
				6F004B5F1B4DA2B800B246E0 /* PBXTargetDependency */,
				6F004B611B4DA2B800B246E0 /* PBXTargetDependency */,
			);
			name = "max static64";
			productName = "Max xsample static";
			productReference = 6F37520A1B4D0AF90089C554 /* essentiaRT~.mxo */;
			productType = "com.apple.product-type.bundle";
		};
		6F3753E31B4D30960089C554 /* max staticFAT */ = {
			isa = PBXNativeTarget;
			buildConfigurationList = 6F3753F61B4D30960089C554 /* Build configuration list for PBXNativeTarget "max staticFAT" */;
			buildPhases = (
				6F3753E81B4D30960089C554 /* Resources */,
				6F3753EA1B4D30960089C554 /* Sources */,
				6F3753EE1B4D30960089C554 /* Frameworks */,
				6F3753F41B4D30960089C554 /* CopyFiles */,
			);
			buildRules = (
			);
			dependencies = (
				6F3753E61B4D30960089C554 /* PBXTargetDependency */,
				6F3754191B4D4AC70089C554 /* PBXTargetDependency */,
			);
			name = "max staticFAT";
			productName = "Max xsample static";
			productReference = 6F3753F91B4D30960089C554 /* essentiaRT~.mxo */;
			productType = "com.apple.product-type.bundle";
		};
		D2AAC09C05546B4700DB518D /* pd static */ = {
			isa = PBXNativeTarget;
			buildConfigurationList = E9A5BC8A0A33819900AD9F03 /* Build configuration list for PBXNativeTarget "pd static" */;
			buildPhases = (
				D2AAC09905546B4700DB518D /* Headers */,
				D2AAC09B05546B4700DB518D /* Frameworks */,
				D2AAC09A05546B4700DB518D /* Sources */,
				07A865BF1A1E3860008354B9 /* Copy Files */,
			);
			buildRules = (
			);
			dependencies = (
				6FE6581B1B4AD19600741735 /* PBXTargetDependency */,
				6FDC781F1B21F0DB008F6A99 /* PBXTargetDependency */,
			);
			name = "pd static";
			productName = xsample;
			productReference = D2AAC09D05546B4700DB518D /* essentiaRT~.pd_darwin */;
			productType = "com.apple.product-type.library.dynamic";
		};
		E9974E52077083C700206F68 /* max static */ = {
			isa = PBXNativeTarget;
			buildConfigurationList = E9A5BC8E0A33819900AD9F03 /* Build configuration list for PBXNativeTarget "max static" */;
			buildPhases = (
				E9974E4F077083C700206F68 /* Resources */,
				E9974E50077083C700206F68 /* Sources */,
				E9974E51077083C700206F68 /* Frameworks */,
				E9974EC207708C9300206F68 /* CopyFiles */,
			);
			buildRules = (
			);
			dependencies = (
				6F26F7C31B4C4FDD0074B3D9 /* PBXTargetDependency */,
				6F26F7BB1B4C4FD80074B3D9 /* PBXTargetDependency */,
			);
			name = "max static";
			productName = "Max xsample static";
			productReference = E9974E53077083C700206F68 /* essentiaRT~.mxo */;
			productType = "com.apple.product-type.bundle";
		};
/* End PBXNativeTarget section */

/* Begin PBXProject section */
		0867D690FE84028FC02AAC07 /* Project object */ = {
			isa = PBXProject;
			attributes = {
				LastUpgradeCheck = 0510;
			};
			buildConfigurationList = E9A5BC920A33819900AD9F03 /* Build configuration list for PBXProject "essentiaRT~" */;
			compatibilityVersion = "Xcode 3.2";
			developmentRegion = English;
			hasScannedForEncodings = 1;
			knownRegions = (
				en,
			);
			mainGroup = 0867D691FE84028FC02AAC07 /* xsample */;
			productRefGroup = 034768DDFF38A45A11DB9C8B /* Products */;
			projectDirPath = "";
			projectReferences = (
				{
					ProductGroup = 6FA5A49D1B21F0AD002C23E4 /* Products */;
					ProjectRef = 6FA5A49C1B21F0AD002C23E4 /* essentiaX.xcodeproj */;
				},
				{
					ProductGroup = 6FE657FE1B4ACEAA00741735 /* Products */;
					ProjectRef = 6FE657FD1B4ACEAA00741735 /* flext.xcodeproj */;
				},
			);
			projectRoot = "";
			targets = (
				D2AAC09C05546B4700DB518D /* pd static */,
				E9974E52077083C700206F68 /* max static */,
				6F3751F41B4D0AF90089C554 /* max static64 */,
				6F3753E31B4D30960089C554 /* max staticFAT */,
			);
		};
/* End PBXProject section */

/* Begin PBXReferenceProxy section */
		6F37520E1B4D0AF90089C554 /* libessentiaRT64.a */ = {
			isa = PBXReferenceProxy;
			fileType = archive.ar;
			path = libessentiaRT64.a;
			remoteRef = 6F37520D1B4D0AF90089C554 /* PBXContainerItemProxy */;
			sourceTree = BUILT_PRODUCTS_DIR;
		};
		6F3753E21B4D2FAA0089C554 /* libessentiaRTFAT.a */ = {
			isa = PBXReferenceProxy;
			fileType = archive.ar;
			path = libessentiaRTFAT.a;
			remoteRef = 6F3753E11B4D2FAA0089C554 /* PBXContainerItemProxy */;
			sourceTree = BUILT_PRODUCTS_DIR;
		};
		6FA5A4A21B21F0AD002C23E4 /* libessentiaX.a */ = {
			isa = PBXReferenceProxy;
			fileType = archive.ar;
			path = libessentiaX.a;
			remoteRef = 6FA5A4A11B21F0AD002C23E4 /* PBXContainerItemProxy */;
			sourceTree = BUILT_PRODUCTS_DIR;
		};
		6FA5A4A41B21F0AD002C23E4 /* libessentiaRT.a */ = {
			isa = PBXReferenceProxy;
			fileType = archive.ar;
			path = libessentiaRT.a;
			remoteRef = 6FA5A4A31B21F0AD002C23E4 /* PBXContainerItemProxy */;
			sourceTree = BUILT_PRODUCTS_DIR;
		};
		6FE658071B4ACEAA00741735 /* libflext-pd_sd.a */ = {
			isa = PBXReferenceProxy;
			fileType = archive.ar;
			path = "libflext-pd_sd.a";
			remoteRef = 6FE658061B4ACEAA00741735 /* PBXContainerItemProxy */;
			sourceTree = BUILT_PRODUCTS_DIR;
		};
		6FE658091B4ACEAA00741735 /* libflext-pd_td.a */ = {
			isa = PBXReferenceProxy;
			fileType = archive.ar;
			path = "libflext-pd_td.a";
			remoteRef = 6FE658081B4ACEAA00741735 /* PBXContainerItemProxy */;
			sourceTree = BUILT_PRODUCTS_DIR;
		};
		6FE6580B1B4ACEAA00741735 /* libflext-pd_d.dylib */ = {
			isa = PBXReferenceProxy;
			fileType = "compiled.mach-o.dylib";
			path = "libflext-pd_d.dylib";
			remoteRef = 6FE6580A1B4ACEAA00741735 /* PBXContainerItemProxy */;
			sourceTree = BUILT_PRODUCTS_DIR;
		};
		6FE6580D1B4ACEAA00741735 /* libflext-max_sd.a */ = {
			isa = PBXReferenceProxy;
			fileType = archive.ar;
			path = "libflext-max_sd.a";
			remoteRef = 6FE6580C1B4ACEAA00741735 /* PBXContainerItemProxy */;
			sourceTree = BUILT_PRODUCTS_DIR;
		};
		6FE6580F1B4ACEAA00741735 /* libflext-max_td.a */ = {
			isa = PBXReferenceProxy;
			fileType = archive.ar;
			path = "libflext-max_td.a";
			remoteRef = 6FE6580E1B4ACEAA00741735 /* PBXContainerItemProxy */;
			sourceTree = BUILT_PRODUCTS_DIR;
		};
		6FE658111B4ACEAA00741735 /* libflext-max_d.dylib */ = {
			isa = PBXReferenceProxy;
			fileType = "compiled.mach-o.dylib";
			path = "libflext-max_d.dylib";
			remoteRef = 6FE658101B4ACEAA00741735 /* PBXContainerItemProxy */;
			sourceTree = BUILT_PRODUCTS_DIR;
		};
/* End PBXReferenceProxy section */

/* Begin PBXResourcesBuildPhase section */
		6F3751F91B4D0AF90089C554 /* Resources */ = {
			isa = PBXResourcesBuildPhase;
			buildActionMask = 2147483647;
			files = (
				6F3751FA1B4D0AF90089C554 /* Info.plist in Resources */,
			);
			runOnlyForDeploymentPostprocessing = 0;
		};
		6F3753E81B4D30960089C554 /* Resources */ = {
			isa = PBXResourcesBuildPhase;
			buildActionMask = 2147483647;
			files = (
				6F3753E91B4D30960089C554 /* Info.plist in Resources */,
			);
			runOnlyForDeploymentPostprocessing = 0;
		};
		E9974E4F077083C700206F68 /* Resources */ = {
			isa = PBXResourcesBuildPhase;
			buildActionMask = 2147483647;
			files = (
			);
			runOnlyForDeploymentPostprocessing = 0;
		};
/* End PBXResourcesBuildPhase section */

/* Begin PBXSourcesBuildPhase section */
		6F3751FB1B4D0AF90089C554 /* Sources */ = {
			isa = PBXSourcesBuildPhase;
			buildActionMask = 2147483647;
			files = (
				6F3751FC1B4D0AF90089C554 /* EssentiaOnset.cpp in Sources */,
				6F3751FD1B4D0AF90089C554 /* EssentiaSFX.cpp in Sources */,
				6F3751FE1B4D0AF90089C554 /* main.cpp in Sources */,
			);
			runOnlyForDeploymentPostprocessing = 0;
		};
		6F3753EA1B4D30960089C554 /* Sources */ = {
			isa = PBXSourcesBuildPhase;
			buildActionMask = 2147483647;
			files = (
				6F3753EB1B4D30960089C554 /* EssentiaOnset.cpp in Sources */,
				6F3753EC1B4D30960089C554 /* EssentiaSFX.cpp in Sources */,
				6F3753ED1B4D30960089C554 /* main.cpp in Sources */,
			);
			runOnlyForDeploymentPostprocessing = 0;
		};
		D2AAC09A05546B4700DB518D /* Sources */ = {
			isa = PBXSourcesBuildPhase;
			buildActionMask = 2147483647;
			files = (
				07A865DD1A1E4544008354B9 /* EssentiaOnset.cpp in Sources */,
				07A865DF1A1E4544008354B9 /* EssentiaSFX.cpp in Sources */,
				07A865E31A1E4544008354B9 /* main.cpp in Sources */,
			);
			runOnlyForDeploymentPostprocessing = 0;
		};
		E9974E50077083C700206F68 /* Sources */ = {
			isa = PBXSourcesBuildPhase;
			buildActionMask = 2147483647;
			files = (
				07A865DE1A1E4544008354B9 /* EssentiaOnset.cpp in Sources */,
				07A865E01A1E4544008354B9 /* EssentiaSFX.cpp in Sources */,
				07A865E41A1E4544008354B9 /* main.cpp in Sources */,
			);
			runOnlyForDeploymentPostprocessing = 0;
		};
/* End PBXSourcesBuildPhase section */

/* Begin PBXTargetDependency section */
		6F004B5F1B4DA2B800B246E0 /* PBXTargetDependency */ = {
			isa = PBXTargetDependency;
			name = essentiaRT64;
			targetProxy = 6F004B5E1B4DA2B800B246E0 /* PBXContainerItemProxy */;
		};
		6F004B611B4DA2B800B246E0 /* PBXTargetDependency */ = {
			isa = PBXTargetDependency;
			name = "Max static single";
			targetProxy = 6F004B601B4DA2B800B246E0 /* PBXContainerItemProxy */;
		};
		6F26F7BB1B4C4FD80074B3D9 /* PBXTargetDependency */ = {
			isa = PBXTargetDependency;
			name = essentiaRT;
			targetProxy = 6F26F7BA1B4C4FD80074B3D9 /* PBXContainerItemProxy */;
		};
		6F26F7C31B4C4FDD0074B3D9 /* PBXTargetDependency */ = {
			isa = PBXTargetDependency;
			name = "Max static single";
			targetProxy = 6F26F7C21B4C4FDD0074B3D9 /* PBXContainerItemProxy */;
		};
		6F3753E61B4D30960089C554 /* PBXTargetDependency */ = {
			isa = PBXTargetDependency;
			name = "Max static single";
			targetProxy = 6F3753E71B4D30960089C554 /* PBXContainerItemProxy */;
		};
		6F3754191B4D4AC70089C554 /* PBXTargetDependency */ = {
			isa = PBXTargetDependency;
			name = essentiaRTFAT;
			targetProxy = 6F3754181B4D4AC70089C554 /* PBXContainerItemProxy */;
		};
		6FDC781F1B21F0DB008F6A99 /* PBXTargetDependency */ = {
			isa = PBXTargetDependency;
			name = essentiaRT;
			targetProxy = 6FDC781E1B21F0DB008F6A99 /* PBXContainerItemProxy */;
		};
		6FE6581B1B4AD19600741735 /* PBXTargetDependency */ = {
			isa = PBXTargetDependency;
			name = "PD static single";
			targetProxy = 6FE6581A1B4AD19600741735 /* PBXContainerItemProxy */;
		};
/* End PBXTargetDependency section */

/* Begin XCBuildConfiguration section */
		6F3752081B4D0AF90089C554 /* Debug */ = {
			isa = XCBuildConfiguration;
			buildSettings = {
				ARCHS = "$(ARCHS_STANDARD_64_BIT)";
				COPY_PHASE_STRIP = NO;
				DEBUGGING_SYMBOLS = YES;
				FRAMEWORK_SEARCH_PATHS = (
					"$(inherited)",
					"$maxsdk/max-includes",
					"$maxsdk/msp-includes",
					"$(LOCAL_LIBRARY_DIR)/Frameworks",
				);
				GCC_OPTIMIZATION_LEVEL = 0;
				GCC_PREPROCESSOR_DEFINITIONS = (
					"$(inherited)",
					"FLEXT_SYS=1",
					"MSP64=1",
				);
				"GCC_PREPROCESSOR_DEFINITIONS[arch=i386]" = (
					"$(inherited)",
					"MSP64=0",
				);
				GCC_PREPROCESSOR_DEFINITIONS_NOT_USED_IN_PRECOMPS = "";
				GENERATE_PKGINFO_FILE = YES;
				HEADER_SEARCH_PATHS = (
					"$(maxsdk)/max-includes",
					$inherited,
					"$(maxsdk)/msp-includes",
				);
				INFOPLIST_FILE = "max static copy-Info.plist";
				INFOPLIST_PREPROCESS = YES;
				INSTALL_PATH = "";
				LIBRARY_SEARCH_PATHS = "";
				LIBRARY_STYLE = DYNAMIC;
				ONLY_ACTIVE_ARCH = YES;
				OTHER_LDFLAGS = (
					"-framework",
					MaxAudioAPI,
					"-framework",
					MaxAPI,
				);
				OTHER_REZFLAGS = "";
				PRODUCT_NAME = "essentiaRT~";
				SECTORDER_FLAGS = "";
				VALID_ARCHS = x86_64;
				WARNING_CFLAGS = (
					"-Wmost",
					"-Wno-four-char-constants",
					"-Wno-unknown-pragmas",
				);
				WRAPPER_EXTENSION = mxo;
				ZERO_LINK = YES;
				maxsdk = "/Users/mhermant/Documents/Work/Dev/MaxSDK-6.1.4/c74support";
			};
			name = Debug;
		};
		6F3752091B4D0AF90089C554 /* Release */ = {
			isa = XCBuildConfiguration;
			buildSettings = {
				ARCHS = "$(ARCHS_STANDARD_64_BIT)";
				COPY_PHASE_STRIP = YES;
				FRAMEWORK_SEARCH_PATHS = (
					"$(inherited)",
					"$maxsdk/max-includes",
					"$maxsdk/msp-includes",
					"$(LOCAL_LIBRARY_DIR)/Frameworks",
				);
				GCC_PREPROCESSOR_DEFINITIONS = (
					"$(inherited)",
					"FLEXT_SYS=1",
					FLEXT_USE_CMEM,
				);
				"GCC_PREPROCESSOR_DEFINITIONS[arch=i386]" = (
					"$(inherited)",
					"MSP64=0",
				);
				"GCC_PREPROCESSOR_DEFINITIONS[arch=x86_64]" = (
					"$(inherited)",
					"MSP64=1",
				);
				GCC_PREPROCESSOR_DEFINITIONS_NOT_USED_IN_PRECOMPS = "";
				GENERATE_PKGINFO_FILE = YES;
				HEADER_SEARCH_PATHS = (
					"$(maxsdk)/max-includes",
					$inherited,
					"$(maxsdk)/msp-includes",
				);
				INFOPLIST_FILE = "max static copy-Info.plist";
				INFOPLIST_PREPROCESS = YES;
				INSTALL_PATH = "";
				LIBRARY_SEARCH_PATHS = "";
				LIBRARY_STYLE = DYNAMIC;
				ONLY_ACTIVE_ARCH = YES;
				OTHER_LDFLAGS = (
					"-framework",
					MaxAudioAPI,
					"-framework",
					MaxAPI,
				);
				OTHER_REZFLAGS = "";
				PRODUCT_NAME = "essentiaRT~";
				SECTORDER_FLAGS = "";
				VALID_ARCHS = x86_64;
				WARNING_CFLAGS = (
					"-Wmost",
					"-Wno-four-char-constants",
					"-Wno-unknown-pragmas",
				);
				WRAPPER_EXTENSION = mxo;
				ZERO_LINK = NO;
				maxsdk = "/Users/mhermant/Documents/Work/Dev/MaxSDK-6.1.4/c74support";
			};
			name = Release;
		};
		6F3753F71B4D30960089C554 /* Debug */ = {
			isa = XCBuildConfiguration;
			buildSettings = {
				ARCHS = "$(ARCHS_STANDARD_32_64_BIT)";
				COPY_PHASE_STRIP = NO;
				DEBUGGING_SYMBOLS = YES;
				FRAMEWORK_SEARCH_PATHS = (
					"$(inherited)",
					"$maxsdk/max-includes",
					"$maxsdk/msp-includes",
					"$(LOCAL_LIBRARY_DIR)/Frameworks",
				);
				GCC_OPTIMIZATION_LEVEL = 0;
				GCC_PREPROCESSOR_DEFINITIONS = (
					"$(inherited)",
					"FLEXT_SYS=1",
					"MSP64=1",
				);
				"GCC_PREPROCESSOR_DEFINITIONS[arch=i386]" = (
					"$(inherited)",
					"MSP64=0",
				);
				GENERATE_PKGINFO_FILE = YES;
				HEADER_SEARCH_PATHS = (
					"$(maxsdk)/max-includes",
					$inherited,
					"$(maxsdk)/msp-includes",
				);
				INFOPLIST_FILE = "max static64 copy-Info.plist";
				INFOPLIST_PREPROCESS = YES;
				INSTALL_PATH = "/Library/Application Support/Cycling 74/externals/flext";
				LIBRARY_SEARCH_PATHS = "";
				LIBRARY_STYLE = DYNAMIC;
				ONLY_ACTIVE_ARCH = NO;
				OTHER_LDFLAGS = (
					"-framework",
					MaxAudioAPI,
					"-framework",
					MaxAPI,
				);
				OTHER_REZFLAGS = "";
				PRODUCT_NAME = "essentiaRT~";
				SECTORDER_FLAGS = "";
				VALID_ARCHS = "x86_64 i386";
				WARNING_CFLAGS = (
					"-Wmost",
					"-Wno-four-char-constants",
					"-Wno-unknown-pragmas",
				);
				WRAPPER_EXTENSION = mxo;
				ZERO_LINK = YES;
				maxsdk = "/Users/mhermant/Documents/Work/Dev/MaxSDK-6.1.4/c74support";
			};
			name = Debug;
		};
		6F3753F81B4D30960089C554 /* Release */ = {
			isa = XCBuildConfiguration;
			buildSettings = {
				ARCHS = "$(ARCHS_STANDARD_32_64_BIT)";
				COPY_PHASE_STRIP = YES;
				FRAMEWORK_SEARCH_PATHS = (
					"$(inherited)",
					"$maxsdk/max-includes",
					"$maxsdk/msp-includes",
					"$(LOCAL_LIBRARY_DIR)/Frameworks",
				);
				GCC_PREPROCESSOR_DEFINITIONS = (
					"$(inherited)",
					"FLEXT_SYS=1",
				);
				GENERATE_PKGINFO_FILE = YES;
				HEADER_SEARCH_PATHS = (
					"$(maxsdk)/max-includes",
					$inherited,
					"$(maxsdk)/msp-includes",
				);
				INFOPLIST_FILE = "max static64 copy-Info.plist";
				INFOPLIST_PREPROCESS = YES;
				INSTALL_PATH = "/Library/Application Support/Cycling 74/externals/flext";
				LIBRARY_SEARCH_PATHS = "";
				LIBRARY_STYLE = DYNAMIC;
				ONLY_ACTIVE_ARCH = NO;
				OTHER_LDFLAGS = (
					"-framework",
					MaxAudioAPI,
					"-framework",
					MaxAPI,
				);
				OTHER_REZFLAGS = "";
				PRODUCT_NAME = "essentiaRT~";
				SECTORDER_FLAGS = "";
				VALID_ARCHS = "x86_64 i386";
				WARNING_CFLAGS = (
					"-Wmost",
					"-Wno-four-char-constants",
					"-Wno-unknown-pragmas",
				);
				WRAPPER_EXTENSION = mxo;
				ZERO_LINK = NO;
				maxsdk = "/Users/mhermant/Documents/Work/Dev/MaxSDK-6.1.4/c74support";
			};
			name = Release;
		};
		E9A5BC8B0A33819900AD9F03 /* Debug */ = {
			isa = XCBuildConfiguration;
			buildSettings = {
				ARCHS = "$(ARCHS_STANDARD_32_BIT)";
				CLANG_CXX_LIBRARY = "compiler-default";
				COPY_PHASE_STRIP = NO;
				DEBUGGING_SYMBOLS = YES;
				DYLIB_COMPATIBILITY_VERSION = 1;
				DYLIB_CURRENT_VERSION = 1;
				EXECUTABLE_EXTENSION = pd_darwin;
				GCC_OPTIMIZATION_LEVEL = 0;
				GCC_PREPROCESSOR_DEFINITIONS = (
					"$(inherited)",
					"FLEXT_SYS=2",
				);
				HEADER_SEARCH_PATHS = (
					$pd_include,
					$inherited,
				);
				INSTALL_PATH = "$(PD)/extra";
				LIBRARY_SEARCH_PATHS = (
					/usr/local/lib,
					"$(DEVELOPER_DIR)/Platforms/MacOSX.platform/Developer/SDKs/MacOSX10.9.sdk/usr/lib",
				);
				LIBRARY_STYLE = BUNDLE;
				MACH_O_TYPE = mh_dylib;
				MACOSX_DEPLOYMENT_TARGET = "";
				OTHER_LDFLAGS = (
					"-undefined",
					dynamic_lookup,
				);
				PRODUCT_NAME = "essentiaRT~";
				ZERO_LINK = YES;
				pd_include = "/Applications/Pd-extended.app/Contents/Resources/src";
			};
			name = Debug;
		};
		E9A5BC8C0A33819900AD9F03 /* Release */ = {
			isa = XCBuildConfiguration;
			buildSettings = {
				ARCHS = "$(ARCHS_STANDARD_32_BIT)";
				CLANG_CXX_LIBRARY = "compiler-default";
				COPY_PHASE_STRIP = YES;
				DYLIB_COMPATIBILITY_VERSION = 1;
				DYLIB_CURRENT_VERSION = 1;
				EXECUTABLE_EXTENSION = pd_darwin;
				GCC_PREPROCESSOR_DEFINITIONS = (
					"$(inherited)",
					"FLEXT_SYS=2",
				);
				HEADER_SEARCH_PATHS = (
					$pd_include,
					$inherited,
				);
				INSTALL_PATH = "$(PD)/extra";
				LIBRARY_SEARCH_PATHS = (
					/usr/local/lib,
					"$(DEVELOPER_DIR)/Platforms/MacOSX.platform/Developer/SDKs/MacOSX10.9.sdk/usr/lib",
				);
				LIBRARY_STYLE = BUNDLE;
				MACH_O_TYPE = mh_dylib;
				MACOSX_DEPLOYMENT_TARGET = "";
				OTHER_LDFLAGS = (
					"-undefined",
					dynamic_lookup,
				);
				PRODUCT_NAME = "essentiaRT~";
				ZERO_LINK = NO;
				pd_include = "/Applications/Pd-extended.app/Contents/Resources/src";
			};
			name = Release;
		};
		E9A5BC8F0A33819900AD9F03 /* Debug */ = {
			isa = XCBuildConfiguration;
			buildSettings = {
				ARCHS = "$(ARCHS_STANDARD_32_BIT)";
				COPY_PHASE_STRIP = NO;
				DEBUGGING_SYMBOLS = YES;
				FRAMEWORK_SEARCH_PATHS = (
					"$(inherited)",
					"$maxsdk/max-includes",
					"$maxsdk/msp-includes",
					"$(LOCAL_LIBRARY_DIR)/Frameworks",
				);
				GCC_OPTIMIZATION_LEVEL = 0;
				GCC_PREPROCESSOR_DEFINITIONS = (
					"$(inherited)",
					"FLEXT_SYS=1",
				);
				GCC_PREPROCESSOR_DEFINITIONS_NOT_USED_IN_PRECOMPS = "MSP64=0";
				GENERATE_PKGINFO_FILE = YES;
				HEADER_SEARCH_PATHS = (
					"$(maxsdk)/max-includes",
					$inherited,
					"$(maxsdk)/msp-includes",
				);
				INFOPLIST_FILE = Info.plist;
				INFOPLIST_PREPROCESS = YES;
				INSTALL_PATH = "/Library/Application Support/Cycling 74/externals/flext";
				LIBRARY_SEARCH_PATHS = "";
				LIBRARY_STYLE = DYNAMIC;
				ONLY_ACTIVE_ARCH = YES;
				OTHER_LDFLAGS = "";
				OTHER_REZFLAGS = "";
				PRODUCT_NAME = "essentiaRT~";
				SECTORDER_FLAGS = "";
				VALID_ARCHS = i386;
				WARNING_CFLAGS = (
					"-Wmost",
					"-Wno-four-char-constants",
					"-Wno-unknown-pragmas",
				);
				WRAPPER_EXTENSION = mxo;
				ZERO_LINK = YES;
				maxsdk = "/Users/mhermant/Documents/Work/Dev/MaxSDK-6.1.4/c74support";
			};
			name = Debug;
		};
		E9A5BC900A33819900AD9F03 /* Release */ = {
			isa = XCBuildConfiguration;
			buildSettings = {
				ARCHS = "$(ARCHS_STANDARD_32_BIT)";
				COPY_PHASE_STRIP = YES;
				FRAMEWORK_SEARCH_PATHS = (
					"$(inherited)",
					"$maxsdk/max-includes",
					"$maxsdk/msp-includes",
					"$(LOCAL_LIBRARY_DIR)/Frameworks",
				);
				GCC_PREPROCESSOR_DEFINITIONS = (
					"$(inherited)",
					"FLEXT_SYS=1",
				);
				GCC_PREPROCESSOR_DEFINITIONS_NOT_USED_IN_PRECOMPS = "MSP64=0";
				GENERATE_PKGINFO_FILE = YES;
				HEADER_SEARCH_PATHS = (
					"$(maxsdk)/max-includes",
					$inherited,
					"$(maxsdk)/msp-includes",
				);
				INFOPLIST_FILE = Info.plist;
				INFOPLIST_PREPROCESS = YES;
				INSTALL_PATH = "/Library/Application Support/Cycling 74/externals/flext";
				LIBRARY_SEARCH_PATHS = "";
				LIBRARY_STYLE = DYNAMIC;
				ONLY_ACTIVE_ARCH = YES;
				OTHER_LDFLAGS = "";
				OTHER_REZFLAGS = "";
				PRODUCT_NAME = "essentiaRT~";
				SECTORDER_FLAGS = "";
				VALID_ARCHS = i386;
				WARNING_CFLAGS = (
					"-Wmost",
					"-Wno-four-char-constants",
					"-Wno-unknown-pragmas",
				);
				WRAPPER_EXTENSION = mxo;
				ZERO_LINK = NO;
				maxsdk = "/Users/mhermant/Documents/Work/Dev/MaxSDK-6.1.4/c74support";
			};
			name = Release;
		};
		E9A5BC930A33819900AD9F03 /* Debug */ = {
			isa = XCBuildConfiguration;
			buildSettings = {
				ARCHS = "$(ARCHS_STANDARD_32_64_BIT)";
				CLANG_CXX_LANGUAGE_STANDARD = "c++0x";
				CLANG_CXX_LIBRARY = "libc++";
				GCC_ALTIVEC_EXTENSIONS = YES;
				GCC_ENABLE_FIX_AND_CONTINUE = YES;
				GCC_OPTIMIZATION_LEVEL = 0;
				GCC_PREPROCESSOR_DEFINITIONS = (
					_DEBUG,
					FLEXT_USESIMD,
					FLEXT_USE_CMEM,
					"DEBUGGING_ENABLED=1",
				);
				HEADER_SEARCH_PATHS = (
					"$(inherited)",
					/Applications/Xcode.app/Contents/Developer/Toolchains/XcodeDefault.xctoolchain/usr/include,
					$PROJECT_DIR/../../../Essentia/src/,
					$PROJECT_DIR/../../../flext/source/,
				);
				ONLY_ACTIVE_ARCH = NO;
				PRODUCT_NAME = "essentiaRT~";
			};
			name = Debug;
		};
		E9A5BC940A33819900AD9F03 /* Release */ = {
			isa = XCBuildConfiguration;
			buildSettings = {
				ARCHS = "$(ARCHS_STANDARD_32_64_BIT)";
				CLANG_CXX_LANGUAGE_STANDARD = "c++0x";
				CLANG_CXX_LIBRARY = "libc++";
				GCC_ALTIVEC_EXTENSIONS = YES;
				GCC_ENABLE_SSE3_EXTENSIONS = YES;
				GCC_GENERATE_DEBUGGING_SYMBOLS = YES;
				GCC_PREPROCESSOR_DEFINITIONS = (
					NDEBUG,
					FLEXT_USESIMD,
					"DEBUGGING_ENABLED=0",
				);
				GCC_STRICT_ALIASING = YES;
				HEADER_SEARCH_PATHS = (
					"$(inherited)",
					/Applications/Xcode.app/Contents/Developer/Toolchains/XcodeDefault.xctoolchain/usr/include,
					$PROJECT_DIR/../../../Essentia/src/,
					$PROJECT_DIR/../../../flext/source/,
				);
				ONLY_ACTIVE_ARCH = NO;
				PRODUCT_NAME = "$(PROJECT_NAME)";
			};
			name = Release;
		};
/* End XCBuildConfiguration section */

/* Begin XCConfigurationList section */
		6F3752071B4D0AF90089C554 /* Build configuration list for PBXNativeTarget "max static64" */ = {
			isa = XCConfigurationList;
			buildConfigurations = (
				6F3752081B4D0AF90089C554 /* Debug */,
				6F3752091B4D0AF90089C554 /* Release */,
			);
			defaultConfigurationIsVisible = 0;
			defaultConfigurationName = Debug;
		};
		6F3753F61B4D30960089C554 /* Build configuration list for PBXNativeTarget "max staticFAT" */ = {
			isa = XCConfigurationList;
			buildConfigurations = (
				6F3753F71B4D30960089C554 /* Debug */,
				6F3753F81B4D30960089C554 /* Release */,
			);
			defaultConfigurationIsVisible = 0;
			defaultConfigurationName = Debug;
		};
		E9A5BC8A0A33819900AD9F03 /* Build configuration list for PBXNativeTarget "pd static" */ = {
			isa = XCConfigurationList;
			buildConfigurations = (
				E9A5BC8B0A33819900AD9F03 /* Debug */,
				E9A5BC8C0A33819900AD9F03 /* Release */,
			);
			defaultConfigurationIsVisible = 0;
			defaultConfigurationName = Debug;
		};
		E9A5BC8E0A33819900AD9F03 /* Build configuration list for PBXNativeTarget "max static" */ = {
			isa = XCConfigurationList;
			buildConfigurations = (
				E9A5BC8F0A33819900AD9F03 /* Debug */,
				E9A5BC900A33819900AD9F03 /* Release */,
			);
			defaultConfigurationIsVisible = 0;
			defaultConfigurationName = Debug;
		};
		E9A5BC920A33819900AD9F03 /* Build configuration list for PBXProject "essentiaRT~" */ = {
			isa = XCConfigurationList;
			buildConfigurations = (
				E9A5BC930A33819900AD9F03 /* Debug */,
				E9A5BC940A33819900AD9F03 /* Release */,
			);
			defaultConfigurationIsVisible = 0;
			defaultConfigurationName = Debug;
		};
/* End XCConfigurationList section */
	};
	rootObject = 0867D690FE84028FC02AAC07 /* Project object */;
}
